<?xml version="1.0" encoding="utf-8"?>
<Project ToolsVersion="4.0" xmlns="http://schemas.microsoft.com/developer/msbuild/2003">
  <ItemGroup>
    <Filter Include="Source Files">
      <UniqueIdentifier>{4FC737F1-C7A5-4376-A066-2A32D752A2FF}</UniqueIdentifier>
      <Extensions>cpp;c;cc;cxx;c++;cppm;ixx;def;odl;idl;hpj;bat;asm;asmx</Extensions>
    </Filter>
    <Filter Include="Header Files">
      <UniqueIdentifier>{93995380-89BD-4b04-88EB-625FBE52EBFB}</UniqueIdentifier>
      <Extensions>h;hh;hpp;hxx;h++;hm;inl;inc;ipp;xsd</Extensions>
    </Filter>
    <Filter Include="Resource Files">
      <UniqueIdentifier>{67DA6AB6-F800-4c08-8B7A-83BB121AAD01}</UniqueIdentifier>
      <Extensions>rc;ico;cur;bmp;dlg;rc2;rct;bin;rgs;gif;jpg;jpeg;jpe;resx;tiff;tif;png;wav;mfcribbon-ms</Extensions>
    </Filter>
  </ItemGroup>
  <ItemGroup>
    <ClCompile Include="Main.cpp">
      <Filter>Source Files</Filter>
    </ClCompile>
    <ClCompile Include="glad.c">
      <Filter>Source Files</Filter>
    </ClCompile>
    <ClCompile Include="imgui.cpp">
      <Filter>Source Files</Filter>
    </ClCompile>
    <ClCompile Include="imgui_demo.cpp">
      <Filter>Source Files</Filter>
    </ClCompile>
    <ClCompile Include="imgui_draw.cpp">
      <Filter>Source Files</Filter>
    </ClCompile>
    <ClCompile Include="imgui_impl_glfw.cpp">
      <Filter>Source Files</Filter>
    </ClCompile>
    <ClCompile Include="imgui_impl_opengl3.cpp">
      <Filter>Source Files</Filter>
    </ClCompile>
    <ClCompile Include="imgui_tables.cpp">
      <Filter>Source Files</Filter>
    </ClCompile>
    <ClCompile Include="imgui_widgets.cpp">
      <Filter>Source Files</Filter>
    </ClCompile>
    <ClCompile Include="implot.cpp">
      <Filter>Source Files</Filter>
    </ClCompile>
    <ClCompile Include="implot_demo.cpp">
      <Filter>Source Files</Filter>
    </ClCompile>
    <ClCompile Include="implot_items.cpp">
      <Filter>Source Files</Filter>
    </ClCompile>
    <ClCompile Include="addons\imguibindings\imguibindings.cpp">
      <Filter>Source Files</Filter>
    </ClCompile>
    <ClCompile Include="addons\imguicodeeditor\imguicodeeditor.cpp">
      <Filter>Source Files</Filter>
    </ClCompile>
    <ClCompile Include="addons\imguidatechooser\imguidatechooser.cpp">
      <Filter>Source Files</Filter>
    </ClCompile>
    <ClCompile Include="addons\imguidock\imguidock.cpp">
      <Filter>Source Files</Filter>
    </ClCompile>
    <ClCompile Include="addons\imguifilesystem\minizip\ioapi.c">
      <Filter>Source Files</Filter>
    </ClCompile>
    <ClCompile Include="addons\imguifilesystem\minizip\unzip.c">
      <Filter>Source Files</Filter>
    </ClCompile>
    <ClCompile Include="addons\imguifilesystem\minizip\zip.c">
      <Filter>Source Files</Filter>
    </ClCompile>
    <ClCompile Include="addons\imguifilesystem\imguifilesystem.cpp">
      <Filter>Source Files</Filter>
    </ClCompile>
    <ClCompile Include="addons\imguihelper\imguihelper.cpp">
      <Filter>Source Files</Filter>
    </ClCompile>
    <ClCompile Include="addons\imguilistview\imguilistview.cpp">
      <Filter>Source Files</Filter>
    </ClCompile>
    <ClCompile Include="addons\imguinodegrapheditor\imguinodegrapheditor.cpp">
      <Filter>Source Files</Filter>
    </ClCompile>
    <ClCompile Include="addons\imguipanelmanager\imguipanelmanager.cpp">
      <Filter>Source Files</Filter>
    </ClCompile>
    <ClCompile Include="addons\imguistring\imguistring.cpp">
      <Filter>Source Files</Filter>
    </ClCompile>
    <ClCompile Include="addons\imguistyleserializer\imguistyleserializer.cpp">
      <Filter>Source Files</Filter>
    </ClCompile>
    <ClCompile Include="addons\imguitabwindow\imguitabwindow.cpp">
      <Filter>Source Files</Filter>
    </ClCompile>
    <ClCompile Include="addons\imguitoolbar\imguitoolbar.cpp">
      <Filter>Source Files</Filter>
    </ClCompile>
    <ClCompile Include="addons\imguivariouscontrols\imguivariouscontrols.cpp">
      <Filter>Source Files</Filter>
    </ClCompile>
    <ClCompile Include="addons\imguiyesaddons\imguiimageeditor_plugins\jo_gif.cpp">
      <Filter>Source Files</Filter>
    </ClCompile>
    <ClCompile Include="addons\imguiyesaddons\imguiimageeditor_plugins\lodepng.cpp">
      <Filter>Source Files</Filter>
    </ClCompile>
    <ClCompile Include="addons\imguiyesaddons\imguibz2.cpp">
      <Filter>Source Files</Filter>
    </ClCompile>
    <ClCompile Include="addons\imguiyesaddons\imguiemscriptenpersistentfolder.cpp">
      <Filter>Source Files</Filter>
    </ClCompile>
    <ClCompile Include="addons\imguiyesaddons\imguiimageeditor.cpp">
      <Filter>Source Files</Filter>
    </ClCompile>
    <ClCompile Include="addons\imguiyesaddons\imguiminigames.cpp">
      <Filter>Source Files</Filter>
    </ClCompile>
    <ClCompile Include="addons\imguiyesaddons\imguipdfviewer.cpp">
      <Filter>Source Files</Filter>
    </ClCompile>
    <ClCompile Include="addons\imguiyesaddons\imguisdf.cpp">
      <Filter>Source Files</Filter>
    </ClCompile>
    <ClCompile Include="addons\imguiyesaddons\imguisoloud.cpp">
      <Filter>Source Files</Filter>
    </ClCompile>
    <ClCompile Include="addons\imguiyesaddons\imguisqlite3.cpp">
      <Filter>Source Files</Filter>
    </ClCompile>
    <ClCompile Include="addons\imguiyesaddons\imguistringifier.cpp">
      <Filter>Source Files</Filter>
    </ClCompile>
    <ClCompile Include="addons\imguiyesaddons\imguitinyfiledialogs.cpp">
      <Filter>Source Files</Filter>
    </ClCompile>
    <ClCompile Include="addons\imguiyesaddons\stb_vorbis.c">
      <Filter>Source Files</Filter>
    </ClCompile>
  </ItemGroup>
  <ItemGroup>
    <ClInclude Include="imconfig.h">
      <Filter>Source Files</Filter>
    </ClInclude>
    <ClInclude Include="imgui.h">
      <Filter>Source Files</Filter>
    </ClInclude>
    <ClInclude Include="imgui_impl_glfw.h">
      <Filter>Source Files</Filter>
    </ClInclude>
    <ClInclude Include="imgui_impl_opengl3.h">
      <Filter>Source Files</Filter>
    </ClInclude>
    <ClInclude Include="imgui_impl_opengl3_loader.h">
      <Filter>Source Files</Filter>
    </ClInclude>
    <ClInclude Include="imgui_internal.h">
      <Filter>Source Files</Filter>
    </ClInclude>
    <ClInclude Include="imstb_rectpack.h">
      <Filter>Source Files</Filter>
    </ClInclude>
    <ClInclude Include="imstb_textedit.h">
      <Filter>Source Files</Filter>
    </ClInclude>
    <ClInclude Include="imstb_truetype.h">
      <Filter>Source Files</Filter>
    </ClInclude>
    <ClInclude Include="implot.h">
      <Filter>Source Files</Filter>
    </ClInclude>
    <ClInclude Include="implot_internal.h">
      <Filter>Source Files</Filter>
    </ClInclude>
    <ClInclude Include="imgui_user.h">
      <Filter>Source Files</Filter>
    </ClInclude>
    <ClInclude Include="addons\imguibindings\edtaa3func.h">
      <Filter>Header Files</Filter>
    </ClInclude>
    <ClInclude Include="addons\imguibindings\imguibindings.h">
      <Filter>Header Files</Filter>
    </ClInclude>
    <ClInclude Include="addons\imguibindings\ImImpl_Binding_Direct3D9.h">
      <Filter>Header Files</Filter>
    </ClInclude>
    <ClInclude Include="addons\imguibindings\ImImpl_Binding_Glfw3.h">
      <Filter>Header Files</Filter>
    </ClInclude>
    <ClInclude Include="addons\imguibindings\ImImpl_Binding_Glut.h">
      <Filter>Header Files</Filter>
    </ClInclude>
    <ClInclude Include="addons\imguibindings\ImImpl_Binding_SDL2.h">
      <Filter>Header Files</Filter>
    </ClInclude>
    <ClInclude Include="addons\imguibindings\ImImpl_Binding_WinAPI.h">
      <Filter>Header Files</Filter>
    </ClInclude>
    <ClInclude Include="addons\imguibindings\stb_image.h">
      <Filter>Header Files</Filter>
    </ClInclude>
    <ClInclude Include="addons\imguicodeeditor\imguicodeeditor.h">
      <Filter>Header Files</Filter>
    </ClInclude>
    <ClInclude Include="addons\imguicodeeditor\utf8helper.h">
      <Filter>Header Files</Filter>
    </ClInclude>
    <ClInclude Include="addons\imguidatechooser\imguidatechooser.h">
      <Filter>Header Files</Filter>
    </ClInclude>
    <ClInclude Include="addons\imguidock\imguidock.h">
      <Filter>Header Files</Filter>
    </ClInclude>
    <ClInclude Include="addons\imguifilesystem\minizip\crypt.h">
      <Filter>Header Files</Filter>
    </ClInclude>
    <ClInclude Include="addons\imguifilesystem\minizip\ioapi.h">
      <Filter>Header Files</Filter>
    </ClInclude>
    <ClInclude Include="addons\imguifilesystem\minizip\unzip.h">
      <Filter>Header Files</Filter>
    </ClInclude>
    <ClInclude Include="addons\imguifilesystem\minizip\zip.h">
      <Filter>Header Files</Filter>
    </ClInclude>
    <ClInclude Include="addons\imguifilesystem\dirent_portable.h">
      <Filter>Header Files</Filter>
    </ClInclude>
    <ClInclude Include="addons\imguifilesystem\imguifilesystem.h">
      <Filter>Header Files</Filter>
    </ClInclude>
    <ClInclude Include="addons\imguihelper\imguihelper.h">
      <Filter>Header Files</Filter>
    </ClInclude>
    <ClInclude Include="addons\imguilistview\imguilistview.h">
      <Filter>Header Files</Filter>
    </ClInclude>
    <ClInclude Include="addons\imguinodegrapheditor\imguinodegrapheditor.h">
      <Filter>Header Files</Filter>
    </ClInclude>
    <ClInclude Include="addons\imguipanelmanager\imguipanelmanager.h">
      <Filter>Header Files</Filter>
    </ClInclude>
    <ClInclude Include="addons\imguistring\imguistring.h">
      <Filter>Header Files</Filter>
    </ClInclude>
    <ClInclude Include="addons\imguistyleserializer\imguistyleserializer.h">
      <Filter>Header Files</Filter>
    </ClInclude>
    <ClInclude Include="addons\imguitabwindow\imguitabwindow.h">
      <Filter>Header Files</Filter>
    </ClInclude>
    <ClInclude Include="addons\imguitoolbar\imguitoolbar.h">
      <Filter>Header Files</Filter>
    </ClInclude>
    <ClInclude Include="addons\imguivariouscontrols\imguivariouscontrols.h">
      <Filter>Header Files</Filter>
    </ClInclude>
    <ClInclude Include="addons\imguiyesaddons\imguiimageeditor_plugins\lodepng.h">
      <Filter>Header Files</Filter>
    </ClInclude>
    <ClInclude Include="addons\imguiyesaddons\imguiimageeditor_plugins\nanosvg.h">
      <Filter>Header Files</Filter>
    </ClInclude>
    <ClInclude Include="addons\imguiyesaddons\imguiimageeditor_plugins\nanosvgrast.h">
      <Filter>Header Files</Filter>
    </ClInclude>
    <ClInclude Include="addons\imguiyesaddons\imguiimageeditor_plugins\qoi.h">
      <Filter>Header Files</Filter>
    </ClInclude>
    <ClInclude Include="addons\imguiyesaddons\imguiimageeditor_plugins\stb_image_resize.h">
      <Filter>Header Files</Filter>
    </ClInclude>
    <ClInclude Include="addons\imguiyesaddons\imguiimageeditor_plugins\stb_image_write.h">
      <Filter>Header Files</Filter>
    </ClInclude>
    <ClInclude Include="addons\imguiyesaddons\imguiimageeditor_plugins\tiny_ico.h">
      <Filter>Header Files</Filter>
    </ClInclude>
    <ClInclude Include="addons\imguiyesaddons\imguiimageeditor_plugins\tiny_jpeg.h">
      <Filter>Header Files</Filter>
    </ClInclude>
    <ClInclude Include="addons\imguiyesaddons\imguibz2.h">
      <Filter>Header Files</Filter>
    </ClInclude>
    <ClInclude Include="addons\imguiyesaddons\imguiemscriptenpersistentfolder.h">
      <Filter>Header Files</Filter>
    </ClInclude>
    <ClInclude Include="addons\imguiyesaddons\imguiimageeditor.h">
      <Filter>Header Files</Filter>
    </ClInclude>
    <ClInclude Include="addons\imguiyesaddons\imguiminigames.h">
      <Filter>Header Files</Filter>
    </ClInclude>
    <ClInclude Include="addons\imguiyesaddons\imguipdfviewer.h">
      <Filter>Header Files</Filter>
    </ClInclude>
    <ClInclude Include="addons\imguiyesaddons\imguisdf.h">
      <Filter>Header Files</Filter>
    </ClInclude>
    <ClInclude Include="addons\imguiyesaddons\imguisoloud.h">
      <Filter>Header Files</Filter>
    </ClInclude>
    <ClInclude Include="addons\imguiyesaddons\imguisqlite3.h">
      <Filter>Header Files</Filter>
    </ClInclude>
    <ClInclude Include="addons\imguiyesaddons\imguistringifier.h">
      <Filter>Header Files</Filter>
    </ClInclude>
    <ClInclude Include="addons\imguiyesaddons\imguitinyfiledialogs.h">
      <Filter>Header Files</Filter>
    </ClInclude>
    <ClInclude Include="addons\imgui_user.h">
      <Filter>Header Files</Filter>
    </ClInclude>
  </ItemGroup>
  <ItemGroup>
    <None Include="imgui_user.inl">
      <Filter>Source Files</Filter>
    </None>
    <None Include="addons\imguiyesaddons\imguimodplug.cpp.inl">
      <Filter>Header Files</Filter>
    </None>
    <None Include="addons\imgui_user.inl">
      <Filter>Header Files</Filter>
    </None>
    <None Include="imgui.ini" />
  </ItemGroup>
</Project>